// !$*UTF8*$!
{
	archiveVersion = 1;
	classes = {
	};
	objectVersion = 50;
	objects = {

/* Begin PBXBuildFile section */
		7E5FE70D20AED63E00F6963F /* AppDelegate.swift in Sources */ = {isa = PBXBuildFile; fileRef = 7E5FE70C20AED63E00F6963F /* AppDelegate.swift */; };
		7E5FE70F20AED63E00F6963F /* ViewController.swift in Sources */ = {isa = PBXBuildFile; fileRef = 7E5FE70E20AED63E00F6963F /* ViewController.swift */; };
		7E5FE71120AED63F00F6963F /* Assets.xcassets in Resources */ = {isa = PBXBuildFile; fileRef = 7E5FE71020AED63F00F6963F /* Assets.xcassets */; };
		7E5FE71420AED63F00F6963F /* Main.storyboard in Resources */ = {isa = PBXBuildFile; fileRef = 7E5FE71220AED63F00F6963F /* Main.storyboard */; };
		7E5FE72020AED63F00F6963F /* MacosNativeApplicationTests.swift in Sources */ = {isa = PBXBuildFile; fileRef = 7E5FE71F20AED63F00F6963F /* MacosNativeApplicationTests.swift */; };
		7E5FE72B20AED63F00F6963F /* MacosNativeApplicationUITests.swift in Sources */ = {isa = PBXBuildFile; fileRef = 7E5FE72A20AED63F00F6963F /* MacosNativeApplicationUITests.swift */; };
/* End PBXBuildFile section */

/* Begin PBXContainerItemProxy section */
		7E5FE71C20AED63F00F6963F /* PBXContainerItemProxy */ = {
			isa = PBXContainerItemProxy;
			containerPortal = 7E5FE70120AED63E00F6963F /* Project object */;
			proxyType = 1;
			remoteGlobalIDString = 7E5FE70820AED63E00F6963F;
			remoteInfo = MacosNativeApplication;
		};
		7E5FE72720AED63F00F6963F /* PBXContainerItemProxy */ = {
			isa = PBXContainerItemProxy;
			containerPortal = 7E5FE70120AED63E00F6963F /* Project object */;
			proxyType = 1;
			remoteGlobalIDString = 7E5FE70820AED63E00F6963F;
			remoteInfo = MacosNativeApplication;
		};
/* End PBXContainerItemProxy section */

/* Begin PBXFileReference section */
		7E5FE70920AED63E00F6963F /* MacosNativeApplication.app */ = {isa = PBXFileReference; explicitFileType = wrapper.application; includeInIndex = 0; path = MacosNativeApplication.app; sourceTree = BUILT_PRODUCTS_DIR; };
		7E5FE70C20AED63E00F6963F /* AppDelegate.swift */ = {isa = PBXFileReference; lastKnownFileType = sourcecode.swift; path = AppDelegate.swift; sourceTree = "<group>"; };
		7E5FE70E20AED63E00F6963F /* ViewController.swift */ = {isa = PBXFileReference; lastKnownFileType = sourcecode.swift; path = ViewController.swift; sourceTree = "<group>"; };
		7E5FE71020AED63F00F6963F /* Assets.xcassets */ = {isa = PBXFileReference; lastKnownFileType = folder.assetcatalog; path = Assets.xcassets; sourceTree = "<group>"; };
		7E5FE71320AED63F00F6963F /* Base */ = {isa = PBXFileReference; lastKnownFileType = file.storyboard; name = Base; path = Base.lproj/Main.storyboard; sourceTree = "<group>"; };
		7E5FE71520AED63F00F6963F /* Info.plist */ = {isa = PBXFileReference; lastKnownFileType = text.plist.xml; path = Info.plist; sourceTree = "<group>"; };
		7E5FE71620AED63F00F6963F /* MacosNativeApplication.entitlements */ = {isa = PBXFileReference; lastKnownFileType = text.plist.entitlements; path = MacosNativeApplication.entitlements; sourceTree = "<group>"; };
		7E5FE71B20AED63F00F6963F /* MacosNativeApplicationTests.xctest */ = {isa = PBXFileReference; explicitFileType = wrapper.cfbundle; includeInIndex = 0; path = MacosNativeApplicationTests.xctest; sourceTree = BUILT_PRODUCTS_DIR; };
		7E5FE71F20AED63F00F6963F /* MacosNativeApplicationTests.swift */ = {isa = PBXFileReference; lastKnownFileType = sourcecode.swift; path = MacosNativeApplicationTests.swift; sourceTree = "<group>"; };
		7E5FE72120AED63F00F6963F /* Info.plist */ = {isa = PBXFileReference; lastKnownFileType = text.plist.xml; path = Info.plist; sourceTree = "<group>"; };
		7E5FE72620AED63F00F6963F /* MacosNativeApplicationUITests.xctest */ = {isa = PBXFileReference; explicitFileType = wrapper.cfbundle; includeInIndex = 0; path = MacosNativeApplicationUITests.xctest; sourceTree = BUILT_PRODUCTS_DIR; };
		7E5FE72A20AED63F00F6963F /* MacosNativeApplicationUITests.swift */ = {isa = PBXFileReference; lastKnownFileType = sourcecode.swift; path = MacosNativeApplicationUITests.swift; sourceTree = "<group>"; };
		7E5FE72C20AED63F00F6963F /* Info.plist */ = {isa = PBXFileReference; lastKnownFileType = text.plist.xml; path = Info.plist; sourceTree = "<group>"; };
/* End PBXFileReference section */

/* Begin PBXFrameworksBuildPhase section */
		7E5FE70620AED63E00F6963F /* Frameworks */ = {
			isa = PBXFrameworksBuildPhase;
			buildActionMask = 2147483647;
			files = (
			);
			runOnlyForDeploymentPostprocessing = 0;
		};
		7E5FE71820AED63F00F6963F /* Frameworks */ = {
			isa = PBXFrameworksBuildPhase;
			buildActionMask = 2147483647;
			files = (
			);
			runOnlyForDeploymentPostprocessing = 0;
		};
		7E5FE72320AED63F00F6963F /* Frameworks */ = {
			isa = PBXFrameworksBuildPhase;
			buildActionMask = 2147483647;
			files = (
			);
			runOnlyForDeploymentPostprocessing = 0;
		};
/* End PBXFrameworksBuildPhase section */

/* Begin PBXGroup section */
		7E5FE70020AED63E00F6963F = {
			isa = PBXGroup;
			children = (
				7E5FE70B20AED63E00F6963F /* MacosNativeApplication */,
				7E5FE71E20AED63F00F6963F /* MacosNativeApplicationTests */,
				7E5FE72920AED63F00F6963F /* MacosNativeApplicationUITests */,
				7E5FE70A20AED63E00F6963F /* Products */,
			);
			sourceTree = "<group>";
		};
		7E5FE70A20AED63E00F6963F /* Products */ = {
			isa = PBXGroup;
			children = (
				7E5FE70920AED63E00F6963F /* MacosNativeApplication.app */,
				7E5FE71B20AED63F00F6963F /* MacosNativeApplicationTests.xctest */,
				7E5FE72620AED63F00F6963F /* MacosNativeApplicationUITests.xctest */,
			);
			name = Products;
			sourceTree = "<group>";
		};
		7E5FE70B20AED63E00F6963F /* MacosNativeApplication */ = {
			isa = PBXGroup;
			children = (
				7E5FE70C20AED63E00F6963F /* AppDelegate.swift */,
				7E5FE70E20AED63E00F6963F /* ViewController.swift */,
				7E5FE71020AED63F00F6963F /* Assets.xcassets */,
				7E5FE71220AED63F00F6963F /* Main.storyboard */,
				7E5FE71520AED63F00F6963F /* Info.plist */,
				7E5FE71620AED63F00F6963F /* MacosNativeApplication.entitlements */,
			);
			path = MacosNativeApplication;
			sourceTree = "<group>";
		};
		7E5FE71E20AED63F00F6963F /* MacosNativeApplicationTests */ = {
			isa = PBXGroup;
			children = (
				7E5FE71F20AED63F00F6963F /* MacosNativeApplicationTests.swift */,
				7E5FE72120AED63F00F6963F /* Info.plist */,
			);
			path = MacosNativeApplicationTests;
			sourceTree = "<group>";
		};
		7E5FE72920AED63F00F6963F /* MacosNativeApplicationUITests */ = {
			isa = PBXGroup;
			children = (
				7E5FE72A20AED63F00F6963F /* MacosNativeApplicationUITests.swift */,
				7E5FE72C20AED63F00F6963F /* Info.plist */,
			);
			path = MacosNativeApplicationUITests;
			sourceTree = "<group>";
		};
/* End PBXGroup section */

/* Begin PBXNativeTarget section */
		7E5FE70820AED63E00F6963F /* MacosNativeApplication */ = {
			isa = PBXNativeTarget;
			buildConfigurationList = 7E5FE72F20AED63F00F6963F /* Build configuration list for PBXNativeTarget "MacosNativeApplication" */;
			buildPhases = (
				7E5FE70520AED63E00F6963F /* Sources */,
				7E5FE70620AED63E00F6963F /* Frameworks */,
				7E5FE70720AED63E00F6963F /* Resources */,
			);
			buildRules = (
			);
			dependencies = (
			);
			name = MacosNativeApplication;
			productName = MacosNativeApplication;
			productReference = 7E5FE70920AED63E00F6963F /* MacosNativeApplication.app */;
			productType = "com.apple.product-type.application";
		};
		7E5FE71A20AED63F00F6963F /* MacosNativeApplicationTests */ = {
			isa = PBXNativeTarget;
			buildConfigurationList = 7E5FE73220AED63F00F6963F /* Build configuration list for PBXNativeTarget "MacosNativeApplicationTests" */;
			buildPhases = (
				7E5FE71720AED63F00F6963F /* Sources */,
				7E5FE71820AED63F00F6963F /* Frameworks */,
				7E5FE71920AED63F00F6963F /* Resources */,
			);
			buildRules = (
			);
			dependencies = (
				7E5FE71D20AED63F00F6963F /* PBXTargetDependency */,
			);
			name = MacosNativeApplicationTests;
			productName = MacosNativeApplicationTests;
			productReference = 7E5FE71B20AED63F00F6963F /* MacosNativeApplicationTests.xctest */;
			productType = "com.apple.product-type.bundle.unit-test";
		};
		7E5FE72520AED63F00F6963F /* MacosNativeApplicationUITests */ = {
			isa = PBXNativeTarget;
			buildConfigurationList = 7E5FE73520AED63F00F6963F /* Build configuration list for PBXNativeTarget "MacosNativeApplicationUITests" */;
			buildPhases = (
				7E5FE72220AED63F00F6963F /* Sources */,
				7E5FE72320AED63F00F6963F /* Frameworks */,
				7E5FE72420AED63F00F6963F /* Resources */,
			);
			buildRules = (
			);
			dependencies = (
				7E5FE72820AED63F00F6963F /* PBXTargetDependency */,
			);
			name = MacosNativeApplicationUITests;
			productName = MacosNativeApplicationUITests;
			productReference = 7E5FE72620AED63F00F6963F /* MacosNativeApplicationUITests.xctest */;
			productType = "com.apple.product-type.bundle.ui-testing";
		};
/* End PBXNativeTarget section */

/* Begin PBXProject section */
		7E5FE70120AED63E00F6963F /* Project object */ = {
			isa = PBXProject;
			attributes = {
				LastSwiftUpdateCheck = 0930;
				LastUpgradeCheck = 0930;
				ORGANIZATIONNAME = "Evgenii Khramkov";
				TargetAttributes = {
					7E5FE70820AED63E00F6963F = {
						CreatedOnToolsVersion = 9.3.1;
						SystemCapabilities = {
							com.apple.Sandbox = {
								enabled = 0;
							};
						};
					};
					7E5FE71A20AED63F00F6963F = {
						CreatedOnToolsVersion = 9.3.1;
						TestTargetID = 7E5FE70820AED63E00F6963F;
					};
					7E5FE72520AED63F00F6963F = {
						CreatedOnToolsVersion = 9.3.1;
						TestTargetID = 7E5FE70820AED63E00F6963F;
					};
				};
			};
			buildConfigurationList = 7E5FE70420AED63E00F6963F /* Build configuration list for PBXProject "MacosNativeApplication" */;
			compatibilityVersion = "Xcode 9.3";
			developmentRegion = en;
			hasScannedForEncodings = 0;
			knownRegions = (
				en,
				Base,
			);
			mainGroup = 7E5FE70020AED63E00F6963F;
			productRefGroup = 7E5FE70A20AED63E00F6963F /* Products */;
			projectDirPath = "";
			projectRoot = "";
			targets = (
				7E5FE70820AED63E00F6963F /* MacosNativeApplication */,
				7E5FE71A20AED63F00F6963F /* MacosNativeApplicationTests */,
				7E5FE72520AED63F00F6963F /* MacosNativeApplicationUITests */,
			);
		};
/* End PBXProject section */

/* Begin PBXResourcesBuildPhase section */
		7E5FE70720AED63E00F6963F /* Resources */ = {
			isa = PBXResourcesBuildPhase;
			buildActionMask = 2147483647;
			files = (
				7E5FE71120AED63F00F6963F /* Assets.xcassets in Resources */,
				7E5FE71420AED63F00F6963F /* Main.storyboard in Resources */,
			);
			runOnlyForDeploymentPostprocessing = 0;
		};
		7E5FE71920AED63F00F6963F /* Resources */ = {
			isa = PBXResourcesBuildPhase;
			buildActionMask = 2147483647;
			files = (
			);
			runOnlyForDeploymentPostprocessing = 0;
		};
		7E5FE72420AED63F00F6963F /* Resources */ = {
			isa = PBXResourcesBuildPhase;
			buildActionMask = 2147483647;
			files = (
			);
			runOnlyForDeploymentPostprocessing = 0;
		};
/* End PBXResourcesBuildPhase section */

/* Begin PBXSourcesBuildPhase section */
		7E5FE70520AED63E00F6963F /* Sources */ = {
			isa = PBXSourcesBuildPhase;
			buildActionMask = 2147483647;
			files = (
				7E5FE70F20AED63E00F6963F /* ViewController.swift in Sources */,
				7E5FE70D20AED63E00F6963F /* AppDelegate.swift in Sources */,
			);
			runOnlyForDeploymentPostprocessing = 0;
		};
		7E5FE71720AED63F00F6963F /* Sources */ = {
			isa = PBXSourcesBuildPhase;
			buildActionMask = 2147483647;
			files = (
				7E5FE72020AED63F00F6963F /* MacosNativeApplicationTests.swift in Sources */,
			);
			runOnlyForDeploymentPostprocessing = 0;
		};
		7E5FE72220AED63F00F6963F /* Sources */ = {
			isa = PBXSourcesBuildPhase;
			buildActionMask = 2147483647;
			files = (
				7E5FE72B20AED63F00F6963F /* MacosNativeApplicationUITests.swift in Sources */,
			);
			runOnlyForDeploymentPostprocessing = 0;
		};
/* End PBXSourcesBuildPhase section */

/* Begin PBXTargetDependency section */
		7E5FE71D20AED63F00F6963F /* PBXTargetDependency */ = {
			isa = PBXTargetDependency;
			target = 7E5FE70820AED63E00F6963F /* MacosNativeApplication */;
			targetProxy = 7E5FE71C20AED63F00F6963F /* PBXContainerItemProxy */;
		};
		7E5FE72820AED63F00F6963F /* PBXTargetDependency */ = {
			isa = PBXTargetDependency;
			target = 7E5FE70820AED63E00F6963F /* MacosNativeApplication */;
			targetProxy = 7E5FE72720AED63F00F6963F /* PBXContainerItemProxy */;
		};
/* End PBXTargetDependency section */

/* Begin PBXVariantGroup section */
		7E5FE71220AED63F00F6963F /* Main.storyboard */ = {
			isa = PBXVariantGroup;
			children = (
				7E5FE71320AED63F00F6963F /* Base */,
			);
			name = Main.storyboard;
			sourceTree = "<group>";
		};
/* End PBXVariantGroup section */

/* Begin XCBuildConfiguration section */
		7E5FE72D20AED63F00F6963F /* Debug */ = {
			isa = XCBuildConfiguration;
			buildSettings = {
				ALWAYS_SEARCH_USER_PATHS = NO;
				CLANG_ANALYZER_NONNULL = YES;
				CLANG_ANALYZER_NUMBER_OBJECT_CONVERSION = YES_AGGRESSIVE;
				CLANG_CXX_LANGUAGE_STANDARD = "gnu++14";
				CLANG_CXX_LIBRARY = "libc++";
				CLANG_ENABLE_MODULES = YES;
				CLANG_ENABLE_OBJC_ARC = YES;
				CLANG_ENABLE_OBJC_WEAK = YES;
				CLANG_WARN_BLOCK_CAPTURE_AUTORELEASING = YES;
				CLANG_WARN_BOOL_CONVERSION = YES;
				CLANG_WARN_COMMA = YES;
				CLANG_WARN_CONSTANT_CONVERSION = YES;
				CLANG_WARN_DEPRECATED_OBJC_IMPLEMENTATIONS = YES;
				CLANG_WARN_DIRECT_OBJC_ISA_USAGE = YES_ERROR;
				CLANG_WARN_DOCUMENTATION_COMMENTS = YES;
				CLANG_WARN_EMPTY_BODY = YES;
				CLANG_WARN_ENUM_CONVERSION = YES;
				CLANG_WARN_INFINITE_RECURSION = YES;
				CLANG_WARN_INT_CONVERSION = YES;
				CLANG_WARN_NON_LITERAL_NULL_CONVERSION = YES;
				CLANG_WARN_OBJC_IMPLICIT_RETAIN_SELF = YES;
				CLANG_WARN_OBJC_LITERAL_CONVERSION = YES;
				CLANG_WARN_OBJC_ROOT_CLASS = YES_ERROR;
				CLANG_WARN_RANGE_LOOP_ANALYSIS = YES;
				CLANG_WARN_STRICT_PROTOTYPES = YES;
				CLANG_WARN_SUSPICIOUS_MOVE = YES;
				CLANG_WARN_UNGUARDED_AVAILABILITY = YES_AGGRESSIVE;
				CLANG_WARN_UNREACHABLE_CODE = YES;
				CLANG_WARN__DUPLICATE_METHOD_MATCH = YES;
				CODE_SIGN_IDENTITY = "-";
				COPY_PHASE_STRIP = NO;
				DEBUG_INFORMATION_FORMAT = dwarf;
				ENABLE_STRICT_OBJC_MSGSEND = YES;
				ENABLE_TESTABILITY = YES;
				GCC_C_LANGUAGE_STANDARD = gnu11;
				GCC_DYNAMIC_NO_PIC = NO;
				GCC_NO_COMMON_BLOCKS = YES;
				GCC_OPTIMIZATION_LEVEL = 0;
				GCC_PREPROCESSOR_DEFINITIONS = (
					"DEBUG=1",
					"$(inherited)",
				);
				GCC_WARN_64_TO_32_BIT_CONVERSION = YES;
				GCC_WARN_ABOUT_RETURN_TYPE = YES_ERROR;
				GCC_WARN_UNDECLARED_SELECTOR = YES;
				GCC_WARN_UNINITIALIZED_AUTOS = YES_AGGRESSIVE;
				GCC_WARN_UNUSED_FUNCTION = YES;
				GCC_WARN_UNUSED_VARIABLE = YES;
				MACOSX_DEPLOYMENT_TARGET = 10.13;
				MTL_ENABLE_DEBUG_INFO = YES;
				ONLY_ACTIVE_ARCH = YES;
				SDKROOT = macosx;
				SWIFT_ACTIVE_COMPILATION_CONDITIONS = DEBUG;
				SWIFT_OPTIMIZATION_LEVEL = "-Onone";
			};
			name = Debug;
		};
		7E5FE72E20AED63F00F6963F /* Release */ = {
			isa = XCBuildConfiguration;
			buildSettings = {
				ALWAYS_SEARCH_USER_PATHS = NO;
				CLANG_ANALYZER_NONNULL = YES;
				CLANG_ANALYZER_NUMBER_OBJECT_CONVERSION = YES_AGGRESSIVE;
				CLANG_CXX_LANGUAGE_STANDARD = "gnu++14";
				CLANG_CXX_LIBRARY = "libc++";
				CLANG_ENABLE_MODULES = YES;
				CLANG_ENABLE_OBJC_ARC = YES;
				CLANG_ENABLE_OBJC_WEAK = YES;
				CLANG_WARN_BLOCK_CAPTURE_AUTORELEASING = YES;
				CLANG_WARN_BOOL_CONVERSION = YES;
				CLANG_WARN_COMMA = YES;
				CLANG_WARN_CONSTANT_CONVERSION = YES;
				CLANG_WARN_DEPRECATED_OBJC_IMPLEMENTATIONS = YES;
				CLANG_WARN_DIRECT_OBJC_ISA_USAGE = YES_ERROR;
				CLANG_WARN_DOCUMENTATION_COMMENTS = YES;
				CLANG_WARN_EMPTY_BODY = YES;
				CLANG_WARN_ENUM_CONVERSION = YES;
				CLANG_WARN_INFINITE_RECURSION = YES;
				CLANG_WARN_INT_CONVERSION = YES;
				CLANG_WARN_NON_LITERAL_NULL_CONVERSION = YES;
				CLANG_WARN_OBJC_IMPLICIT_RETAIN_SELF = YES;
				CLANG_WARN_OBJC_LITERAL_CONVERSION = YES;
				CLANG_WARN_OBJC_ROOT_CLASS = YES_ERROR;
				CLANG_WARN_RANGE_LOOP_ANALYSIS = YES;
				CLANG_WARN_STRICT_PROTOTYPES = YES;
				CLANG_WARN_SUSPICIOUS_MOVE = YES;
				CLANG_WARN_UNGUARDED_AVAILABILITY = YES_AGGRESSIVE;
				CLANG_WARN_UNREACHABLE_CODE = YES;
				CLANG_WARN__DUPLICATE_METHOD_MATCH = YES;
				CODE_SIGN_IDENTITY = "-";
				COPY_PHASE_STRIP = NO;
				DEBUG_INFORMATION_FORMAT = "dwarf-with-dsym";
				ENABLE_NS_ASSERTIONS = NO;
				ENABLE_STRICT_OBJC_MSGSEND = YES;
				GCC_C_LANGUAGE_STANDARD = gnu11;
				GCC_NO_COMMON_BLOCKS = YES;
				GCC_WARN_64_TO_32_BIT_CONVERSION = YES;
				GCC_WARN_ABOUT_RETURN_TYPE = YES_ERROR;
				GCC_WARN_UNDECLARED_SELECTOR = YES;
				GCC_WARN_UNINITIALIZED_AUTOS = YES_AGGRESSIVE;
				GCC_WARN_UNUSED_FUNCTION = YES;
				GCC_WARN_UNUSED_VARIABLE = YES;
				MACOSX_DEPLOYMENT_TARGET = 10.13;
				MTL_ENABLE_DEBUG_INFO = NO;
				SDKROOT = macosx;
				SWIFT_COMPILATION_MODE = wholemodule;
				SWIFT_OPTIMIZATION_LEVEL = "-O";
			};
			name = Release;
		};
		7E5FE73020AED63F00F6963F /* Debug */ = {
			isa = XCBuildConfiguration;
			buildSettings = {
				ASSETCATALOG_COMPILER_APPICON_NAME = AppIcon;
				CODE_SIGN_IDENTITY = "Developer ID Application";
				CODE_SIGN_STYLE = Manual;
				COMBINE_HIDPI_IMAGES = YES;
				DEVELOPMENT_TEAM = R2L8TU8NEV;
				INFOPLIST_FILE = MacosNativeApplication/Info.plist;
				LD_RUNPATH_SEARCH_PATHS = (
					"$(inherited)",
					"@executable_path/../Frameworks",
				);
				PRODUCT_BUNDLE_IDENTIFIER = com.evkhramk.MacosNativeApplication;
				PRODUCT_NAME = "$(TARGET_NAME)";
				PROVISIONING_PROFILE = "9491756e-ac1c-4734-93c8-c9ad3b8da7ed";
				PROVISIONING_PROFILE_SPECIFIER = "mac-devloper-id";
				SWIFT_VERSION = 4.0;
			};
			name = Debug;
		};
		7E5FE73120AED63F00F6963F /* Release */ = {
			isa = XCBuildConfiguration;
			buildSettings = {
				ASSETCATALOG_COMPILER_APPICON_NAME = AppIcon;
				CODE_SIGN_IDENTITY = "Developer ID Application";
				CODE_SIGN_STYLE = Manual;
				COMBINE_HIDPI_IMAGES = YES;
				DEVELOPMENT_TEAM = R2L8TU8NEV;
				INFOPLIST_FILE = MacosNativeApplication/Info.plist;
				LD_RUNPATH_SEARCH_PATHS = (
					"$(inherited)",
					"@executable_path/../Frameworks",
				);
				PRODUCT_BUNDLE_IDENTIFIER = com.evkhramk.MacosNativeApplication;
				PRODUCT_NAME = "$(TARGET_NAME)";
				PROVISIONING_PROFILE = "9491756e-ac1c-4734-93c8-c9ad3b8da7ed";
				PROVISIONING_PROFILE_SPECIFIER = "mac-devloper-id";
				SWIFT_VERSION = 4.0;
			};
			name = Release;
		};
		7E5FE73320AED63F00F6963F /* Debug */ = {
			isa = XCBuildConfiguration;
			buildSettings = {
				ALWAYS_EMBED_SWIFT_STANDARD_LIBRARIES = YES;
				BUNDLE_LOADER = "$(TEST_HOST)";
				CODE_SIGN_STYLE = Automatic;
				COMBINE_HIDPI_IMAGES = YES;
				INFOPLIST_FILE = MacosNativeApplicationTests/Info.plist;
				LD_RUNPATH_SEARCH_PATHS = (
					"$(inherited)",
					"@executable_path/../Frameworks",
					"@loader_path/../Frameworks",
				);
				PRODUCT_BUNDLE_IDENTIFIER = com.evkhramk.MacosNativeApplicationTests;
				PRODUCT_NAME = "$(TARGET_NAME)";
				SWIFT_VERSION = 4.0;
				TEST_HOST = "$(BUILT_PRODUCTS_DIR)/MacosNativeApplication.app/Contents/MacOS/MacosNativeApplication";
			};
			name = Debug;
		};
		7E5FE73420AED63F00F6963F /* Release */ = {
			isa = XCBuildConfiguration;
			buildSettings = {
				ALWAYS_EMBED_SWIFT_STANDARD_LIBRARIES = YES;
				BUNDLE_LOADER = "$(TEST_HOST)";
				CODE_SIGN_STYLE = Automatic;
				COMBINE_HIDPI_IMAGES = YES;
				INFOPLIST_FILE = MacosNativeApplicationTests/Info.plist;
				LD_RUNPATH_SEARCH_PATHS = (
					"$(inherited)",
					"@executable_path/../Frameworks",
					"@loader_path/../Frameworks",
				);
				PRODUCT_BUNDLE_IDENTIFIER = com.evkhramk.MacosNativeApplicationTests;
				PRODUCT_NAME = "$(TARGET_NAME)";
				SWIFT_VERSION = 4.0;
				TEST_HOST = "$(BUILT_PRODUCTS_DIR)/MacosNativeApplication.app/Contents/MacOS/MacosNativeApplication";
			};
			name = Release;
		};
		7E5FE73620AED63F00F6963F /* Debug */ = {
			isa = XCBuildConfiguration;
			buildSettings = {
				ALWAYS_EMBED_SWIFT_STANDARD_LIBRARIES = YES;
				CODE_SIGN_STYLE = Automatic;
				COMBINE_HIDPI_IMAGES = YES;
				INFOPLIST_FILE = MacosNativeApplicationUITests/Info.plist;
				LD_RUNPATH_SEARCH_PATHS = (
					"$(inherited)",
					"@executable_path/../Frameworks",
					"@loader_path/../Frameworks",
				);
				PRODUCT_BUNDLE_IDENTIFIER = com.evkhramk.MacosNativeApplicationUITests;
				PRODUCT_NAME = "$(TARGET_NAME)";
				SWIFT_VERSION = 4.0;
				TEST_TARGET_NAME = MacosNativeApplication;
			};
			name = Debug;
		};
		7E5FE73720AED63F00F6963F /* Release */ = {
			isa = XCBuildConfiguration;
			buildSettings = {
				ALWAYS_EMBED_SWIFT_STANDARD_LIBRARIES = YES;
				CODE_SIGN_STYLE = Automatic;
				COMBINE_HIDPI_IMAGES = YES;
				INFOPLIST_FILE = MacosNativeApplicationUITests/Info.plist;
				LD_RUNPATH_SEARCH_PATHS = (
					"$(inherited)",
					"@executable_path/../Frameworks",
					"@loader_path/../Frameworks",
				);
				PRODUCT_BUNDLE_IDENTIFIER = com.evkhramk.MacosNativeApplicationUITests;
				PRODUCT_NAME = "$(TARGET_NAME)";
				SWIFT_VERSION = 4.0;
				TEST_TARGET_NAME = MacosNativeApplication;
			};
			name = Release;
		};
/* End XCBuildConfiguration section */

/* Begin XCConfigurationList section */
		7E5FE70420AED63E00F6963F /* Build configuration list for PBXProject "MacosNativeApplication" */ = {
			isa = XCConfigurationList;
			buildConfigurations = (
				7E5FE72D20AED63F00F6963F /* Debug */,
				7E5FE72E20AED63F00F6963F /* Release */,
			);
			defaultConfigurationIsVisible = 0;
			defaultConfigurationName = Release;
		};
		7E5FE72F20AED63F00F6963F /* Build configuration list for PBXNativeTarget "MacosNativeApplication" */ = {
			isa = XCConfigurationList;
			buildConfigurations = (
				7E5FE73020AED63F00F6963F /* Debug */,
				7E5FE73120AED63F00F6963F /* Release */,
			);
			defaultConfigurationIsVisible = 0;
			defaultConfigurationName = Release;
		};
		7E5FE73220AED63F00F6963F /* Build configuration list for PBXNativeTarget "MacosNativeApplicationTests" */ = {
			isa = XCConfigurationList;
			buildConfigurations = (
				7E5FE73320AED63F00F6963F /* Debug */,
				7E5FE73420AED63F00F6963F /* Release */,
			);
			defaultConfigurationIsVisible = 0;
			defaultConfigurationName = Release;
		};
		7E5FE73520AED63F00F6963F /* Build configuration list for PBXNativeTarget "MacosNativeApplicationUITests" */ = {
			isa = XCConfigurationList;
			buildConfigurations = (
				7E5FE73620AED63F00F6963F /* Debug */,
				7E5FE73720AED63F00F6963F /* Release */,
			);
			defaultConfigurationIsVisible = 0;
			defaultConfigurationName = Release;
		};
/* End XCConfigurationList section */
	};
	rootObject = 7E5FE70120AED63E00F6963F /* Project object */;
}
